
Microsoft Visual Studio Solution File, Format Version 12.00
# Visual Studio Version 16
VisualStudioVersion = 16.0.30523.141
MinimumVisualStudioVersion = 10.0.40219.1
Project("{FAE04EC0-301F-11D3-BF4B-00C04F79EFBC}") = "Taschenrechner", "Taschenrechner\Taschenrechner.csproj", "{801CC8EF-E94B-45BC-9BEF-ED2297D8A204}"
EndProject
Global
	GlobalSection(SolutionConfigurationPlatforms) = preSolution
		Debug|Any CPU = Debug|Any CPU
		Release|Any CPU = Release|Any CPU
	EndGlobalSection
	GlobalSection(ProjectConfigurationPlatforms) = postSolution
		{801CC8EF-E94B-45BC-9BEF-ED2297D8A204}.Debug|Any CPU.ActiveCfg = Debug|Any CPU
		{801CC8EF-E94B-45BC-9BEF-ED2297D8A204}.Debug|Any CPU.Build.0 = Debug|Any CPU
		{801CC8EF-E94B-45BC-9BEF-ED2297D8A204}.Release|Any CPU.ActiveCfg = Release|Any CPU
		{801CC8EF-E94B-45BC-9BEF-ED2297D8A204}.Release|Any CPU.Build.0 = Release|Any CPU
	EndGlobalSection
	GlobalSection(SolutionProperties) = preSolution
		HideSolutionNode = FALSE
	EndGlobalSection
	GlobalSection(ExtensibilityGlobals) = postSolution
		SolutionGuid = {A4F6E776-133A-43B8-8F2F-E9980165DD35}
	EndGlobalSection
EndGlobal
